
Microsoft Visual Studio Solution File, Format Version 12.00
# Visual Studio Version 17
VisualStudioVersion = 17.6.33829.357
MinimumVisualStudioVersion = 10.0.40219.1
Project("{FAE04EC0-301F-11D3-BF4B-00C04F79EFBC}") = "Proyecto_API", "Proyecto_API\Proyecto_API.csproj", "{046E49D7-7820-44C7-B496-E7756D27F754}"
EndProject
Global
	GlobalSection(SolutionConfigurationPlatforms) = preSolution
		Debug|Any CPU = Debug|Any CPU
		Release|Any CPU = Release|Any CPU
	EndGlobalSection
	GlobalSection(ProjectConfigurationPlatforms) = postSolution
		{046E49D7-7820-44C7-B496-E7756D27F754}.Debug|Any CPU.ActiveCfg = Debug|Any CPU
		{046E49D7-7820-44C7-B496-E7756D27F754}.Debug|Any CPU.Build.0 = Debug|Any CPU
		{046E49D7-7820-44C7-B496-E7756D27F754}.Release|Any CPU.ActiveCfg = Release|Any CPU
		{046E49D7-7820-44C7-B496-E7756D27F754}.Release|Any CPU.Build.0 = Release|Any CPU
	EndGlobalSection
	GlobalSection(SolutionProperties) = preSolution
		HideSolutionNode = FALSE
	EndGlobalSection
	GlobalSection(ExtensibilityGlobals) = postSolution
		SolutionGuid = {E4CB9058-9F7A-4F98-BE2B-30F3192AE44A}
	EndGlobalSection
EndGlobal
